
Microsoft Visual Studio Solution File, Format Version 12.00
# Visual Studio Version 16
VisualStudioVersion = 16.0.31515.178
MinimumVisualStudioVersion = 10.0.40219.1
Project("{FAE04EC0-301F-11D3-BF4B-00C04F79EFBC}") = "PDF2Image", "PDF2Image\PDF2Image.csproj", "{076F6BFE-C528-4B59-8876-A04316EDBEE7}"
EndProject
Project("{2150E333-8FDC-42A3-9474-1A3956D46DE8}") = "Doc", "Doc", "{F9A483E9-79EF-4B97-BFE7-6A60B6E981C2}"
	ProjectSection(SolutionItems) = preProject
		LICENSE = LICENSE
		README.md = README.md
	EndProjectSection
EndProject
Global
	GlobalSection(SolutionConfigurationPlatforms) = preSolution
		Debug|Any CPU = Debug|Any CPU
		Release|Any CPU = Release|Any CPU
	EndGlobalSection
	GlobalSection(ProjectConfigurationPlatforms) = postSolution
		{076F6BFE-C528-4B59-8876-A04316EDBEE7}.Debug|Any CPU.ActiveCfg = Debug|Any CPU
		{076F6BFE-C528-4B59-8876-A04316EDBEE7}.Debug|Any CPU.Build.0 = Debug|Any CPU
		{076F6BFE-C528-4B59-8876-A04316EDBEE7}.Release|Any CPU.ActiveCfg = Release|Any CPU
		{076F6BFE-C528-4B59-8876-A04316EDBEE7}.Release|Any CPU.Build.0 = Release|Any CPU
	EndGlobalSection
	GlobalSection(SolutionProperties) = preSolution
		HideSolutionNode = FALSE
	EndGlobalSection
	GlobalSection(ExtensibilityGlobals) = postSolution
		SolutionGuid = {F35557DA-C810-48F7-AB17-E89BCEBAE29A}
	EndGlobalSection
EndGlobal
